
Microsoft Visual Studio Solution File, Format Version 12.00
Project("{FAE04EC0-301F-11D3-BF4B-00C04F79EFBC}") = "XKS.Desktop", "XKS.Desktop\XKS.Desktop.csproj", "{917DDC9F-F853-42CC-99F4-730DE95C8736}"
EndProject
Project("{FAE04EC0-301F-11D3-BF4B-00C04F79EFBC}") = "XKS.Tests", "XKS.Tests\XKS.Tests.csproj", "{FC741697-8D94-4606-A788-CD06BD169C63}"
EndProject
Project("{FAE04EC0-301F-11D3-BF4B-00C04F79EFBC}") = "XKS.Web", "XKS.Web\XKS.Web.csproj", "{77BAB5E9-4AD8-4066-BCE5-1603C5AE07C5}"
EndProject
Global
	GlobalSection(SolutionConfigurationPlatforms) = preSolution
		Debug|Any CPU = Debug|Any CPU
		Release|Any CPU = Release|Any CPU
	EndGlobalSection
	GlobalSection(ProjectConfigurationPlatforms) = postSolution
		{917DDC9F-F853-42CC-99F4-730DE95C8736}.Debug|Any CPU.ActiveCfg = Debug|Any CPU
		{917DDC9F-F853-42CC-99F4-730DE95C8736}.Debug|Any CPU.Build.0 = Debug|Any CPU
		{917DDC9F-F853-42CC-99F4-730DE95C8736}.Release|Any CPU.ActiveCfg = Release|Any CPU
		{917DDC9F-F853-42CC-99F4-730DE95C8736}.Release|Any CPU.Build.0 = Release|Any CPU
		{FC741697-8D94-4606-A788-CD06BD169C63}.Debug|Any CPU.ActiveCfg = Debug|Any CPU
		{FC741697-8D94-4606-A788-CD06BD169C63}.Debug|Any CPU.Build.0 = Debug|Any CPU
		{FC741697-8D94-4606-A788-CD06BD169C63}.Release|Any CPU.ActiveCfg = Release|Any CPU
		{FC741697-8D94-4606-A788-CD06BD169C63}.Release|Any CPU.Build.0 = Release|Any CPU
		{77BAB5E9-4AD8-4066-BCE5-1603C5AE07C5}.Debug|Any CPU.ActiveCfg = Debug|Any CPU
		{77BAB5E9-4AD8-4066-BCE5-1603C5AE07C5}.Debug|Any CPU.Build.0 = Debug|Any CPU
		{77BAB5E9-4AD8-4066-BCE5-1603C5AE07C5}.Release|Any CPU.ActiveCfg = Release|Any CPU
		{77BAB5E9-4AD8-4066-BCE5-1603C5AE07C5}.Release|Any CPU.Build.0 = Release|Any CPU
	EndGlobalSection
EndGlobal
