
Microsoft Visual Studio Solution File, Format Version 12.00
# Visual Studio 15
VisualStudioVersion = 15.0.26124.0
MinimumVisualStudioVersion = 15.0.26124.0
Project("{FAE04EC0-301F-11D3-BF4B-00C04F79EFBC}") = "XKS.Core", "XKS.Core\XKS.Core.csproj", "{F7B56959-C387-4786-ABFD-20E2E4DAA8C5}"
EndProject
Project("{FAE04EC0-301F-11D3-BF4B-00C04F79EFBC}") = "XKS.Data", "XKS.Data\XKS.Data.csproj", "{B48FBC26-2161-4EA9-B666-5A3DD737CF4C}"
EndProject
Project("{FAE04EC0-301F-11D3-BF4B-00C04F79EFBC}") = "XKS.App", "XKS.App\XKS.App.csproj", "{52C69245-7D60-40E2-BB8A-DD9996D401B2}"
EndProject
Project("{FAE04EC0-301F-11D3-BF4B-00C04F79EFBC}") = "XKS.Launcher", "XKS.Launcher\XKS.Launcher.csproj", "{93118A83-4936-4179-9E82-44B07C5AD59E}"
EndProject
Project("{FAE04EC0-301F-11D3-BF4B-00C04F79EFBC}") = "XKS.Core.Tests", "XKS.Core.Tests\XKS.Core.Tests.csproj", "{59EC810C-373E-4C29-B2F6-79560551FB46}"
EndProject
Project("{FAE04EC0-301F-11D3-BF4B-00C04F79EFBC}") = "XKS.Data.Tests", "XKS.Data.Tests\XKS.Data.Tests.csproj", "{725861CE-BA1E-45E9-9620-4437BD81BC6C}"
EndProject
Project("{FAE04EC0-301F-11D3-BF4B-00C04F79EFBC}") = "XKS.App.Tests", "XKS.App.Tests\XKS.App.Tests.csproj", "{F15B742E-5796-41F2-8DED-1CD690CF7F89}"
EndProject
Project("{2150E333-8FDC-42A3-9474-1A3956D46DE8}") = "Src", "Src", "{BF64DF0A-5022-4971-A6F7-62F5E0111BFC}"
EndProject
Project("{2150E333-8FDC-42A3-9474-1A3956D46DE8}") = "Tests", "Tests", "{9AED56EB-F47F-46A7-813B-9404A26087DA}"
EndProject
Project("{FAE04EC0-301F-11D3-BF4B-00C04F79EFBC}") = "XKS.Common", "XKS.Common\XKS.Common.csproj", "{48B2851E-4544-4B21-8ECF-D9BAD83BABD9}"
EndProject
Project("{FAE04EC0-301F-11D3-BF4B-00C04F79EFBC}") = "XKS.CLI", "XKS.CLI\XKS.CLI.csproj", "{14C93BCF-EDA6-462D-853D-73C28793D789}"
EndProject
Global
	GlobalSection(SolutionConfigurationPlatforms) = preSolution
		Debug|Any CPU = Debug|Any CPU
		Debug|x64 = Debug|x64
		Debug|x86 = Debug|x86
		Release|Any CPU = Release|Any CPU
		Release|x64 = Release|x64
		Release|x86 = Release|x86
	EndGlobalSection
	GlobalSection(SolutionProperties) = preSolution
		HideSolutionNode = FALSE
	EndGlobalSection
	GlobalSection(ProjectConfigurationPlatforms) = postSolution
		{F7B56959-C387-4786-ABFD-20E2E4DAA8C5}.Debug|Any CPU.ActiveCfg = Debug|Any CPU
		{F7B56959-C387-4786-ABFD-20E2E4DAA8C5}.Debug|Any CPU.Build.0 = Debug|Any CPU
		{F7B56959-C387-4786-ABFD-20E2E4DAA8C5}.Debug|x64.ActiveCfg = Debug|Any CPU
		{F7B56959-C387-4786-ABFD-20E2E4DAA8C5}.Debug|x64.Build.0 = Debug|Any CPU
		{F7B56959-C387-4786-ABFD-20E2E4DAA8C5}.Debug|x86.ActiveCfg = Debug|Any CPU
		{F7B56959-C387-4786-ABFD-20E2E4DAA8C5}.Debug|x86.Build.0 = Debug|Any CPU
		{F7B56959-C387-4786-ABFD-20E2E4DAA8C5}.Release|Any CPU.ActiveCfg = Release|Any CPU
		{F7B56959-C387-4786-ABFD-20E2E4DAA8C5}.Release|Any CPU.Build.0 = Release|Any CPU
		{F7B56959-C387-4786-ABFD-20E2E4DAA8C5}.Release|x64.ActiveCfg = Release|Any CPU
		{F7B56959-C387-4786-ABFD-20E2E4DAA8C5}.Release|x64.Build.0 = Release|Any CPU
		{F7B56959-C387-4786-ABFD-20E2E4DAA8C5}.Release|x86.ActiveCfg = Release|Any CPU
		{F7B56959-C387-4786-ABFD-20E2E4DAA8C5}.Release|x86.Build.0 = Release|Any CPU
		{B48FBC26-2161-4EA9-B666-5A3DD737CF4C}.Debug|Any CPU.ActiveCfg = Debug|Any CPU
		{B48FBC26-2161-4EA9-B666-5A3DD737CF4C}.Debug|Any CPU.Build.0 = Debug|Any CPU
		{B48FBC26-2161-4EA9-B666-5A3DD737CF4C}.Debug|x64.ActiveCfg = Debug|Any CPU
		{B48FBC26-2161-4EA9-B666-5A3DD737CF4C}.Debug|x64.Build.0 = Debug|Any CPU
		{B48FBC26-2161-4EA9-B666-5A3DD737CF4C}.Debug|x86.ActiveCfg = Debug|Any CPU
		{B48FBC26-2161-4EA9-B666-5A3DD737CF4C}.Debug|x86.Build.0 = Debug|Any CPU
		{B48FBC26-2161-4EA9-B666-5A3DD737CF4C}.Release|Any CPU.ActiveCfg = Release|Any CPU
		{B48FBC26-2161-4EA9-B666-5A3DD737CF4C}.Release|Any CPU.Build.0 = Release|Any CPU
		{B48FBC26-2161-4EA9-B666-5A3DD737CF4C}.Release|x64.ActiveCfg = Release|Any CPU
		{B48FBC26-2161-4EA9-B666-5A3DD737CF4C}.Release|x64.Build.0 = Release|Any CPU
		{B48FBC26-2161-4EA9-B666-5A3DD737CF4C}.Release|x86.ActiveCfg = Release|Any CPU
		{B48FBC26-2161-4EA9-B666-5A3DD737CF4C}.Release|x86.Build.0 = Release|Any CPU
		{52C69245-7D60-40E2-BB8A-DD9996D401B2}.Debug|Any CPU.ActiveCfg = Debug|Any CPU
		{52C69245-7D60-40E2-BB8A-DD9996D401B2}.Debug|Any CPU.Build.0 = Debug|Any CPU
		{52C69245-7D60-40E2-BB8A-DD9996D401B2}.Debug|x64.ActiveCfg = Debug|Any CPU
		{52C69245-7D60-40E2-BB8A-DD9996D401B2}.Debug|x64.Build.0 = Debug|Any CPU
		{52C69245-7D60-40E2-BB8A-DD9996D401B2}.Debug|x86.ActiveCfg = Debug|Any CPU
		{52C69245-7D60-40E2-BB8A-DD9996D401B2}.Debug|x86.Build.0 = Debug|Any CPU
		{52C69245-7D60-40E2-BB8A-DD9996D401B2}.Release|Any CPU.ActiveCfg = Release|Any CPU
		{52C69245-7D60-40E2-BB8A-DD9996D401B2}.Release|Any CPU.Build.0 = Release|Any CPU
		{52C69245-7D60-40E2-BB8A-DD9996D401B2}.Release|x64.ActiveCfg = Release|Any CPU
		{52C69245-7D60-40E2-BB8A-DD9996D401B2}.Release|x64.Build.0 = Release|Any CPU
		{52C69245-7D60-40E2-BB8A-DD9996D401B2}.Release|x86.ActiveCfg = Release|Any CPU
		{52C69245-7D60-40E2-BB8A-DD9996D401B2}.Release|x86.Build.0 = Release|Any CPU
		{93118A83-4936-4179-9E82-44B07C5AD59E}.Debug|Any CPU.ActiveCfg = Debug|Any CPU
		{93118A83-4936-4179-9E82-44B07C5AD59E}.Debug|Any CPU.Build.0 = Debug|Any CPU
		{93118A83-4936-4179-9E82-44B07C5AD59E}.Debug|x64.ActiveCfg = Debug|Any CPU
		{93118A83-4936-4179-9E82-44B07C5AD59E}.Debug|x64.Build.0 = Debug|Any CPU
		{93118A83-4936-4179-9E82-44B07C5AD59E}.Debug|x86.ActiveCfg = Debug|Any CPU
		{93118A83-4936-4179-9E82-44B07C5AD59E}.Debug|x86.Build.0 = Debug|Any CPU
		{93118A83-4936-4179-9E82-44B07C5AD59E}.Release|Any CPU.ActiveCfg = Release|Any CPU
		{93118A83-4936-4179-9E82-44B07C5AD59E}.Release|Any CPU.Build.0 = Release|Any CPU
		{93118A83-4936-4179-9E82-44B07C5AD59E}.Release|x64.ActiveCfg = Release|Any CPU
		{93118A83-4936-4179-9E82-44B07C5AD59E}.Release|x64.Build.0 = Release|Any CPU
		{93118A83-4936-4179-9E82-44B07C5AD59E}.Release|x86.ActiveCfg = Release|Any CPU
		{93118A83-4936-4179-9E82-44B07C5AD59E}.Release|x86.Build.0 = Release|Any CPU
		{59EC810C-373E-4C29-B2F6-79560551FB46}.Debug|Any CPU.ActiveCfg = Debug|Any CPU
		{59EC810C-373E-4C29-B2F6-79560551FB46}.Debug|Any CPU.Build.0 = Debug|Any CPU
		{59EC810C-373E-4C29-B2F6-79560551FB46}.Debug|x64.ActiveCfg = Debug|Any CPU
		{59EC810C-373E-4C29-B2F6-79560551FB46}.Debug|x64.Build.0 = Debug|Any CPU
		{59EC810C-373E-4C29-B2F6-79560551FB46}.Debug|x86.ActiveCfg = Debug|Any CPU
		{59EC810C-373E-4C29-B2F6-79560551FB46}.Debug|x86.Build.0 = Debug|Any CPU
		{59EC810C-373E-4C29-B2F6-79560551FB46}.Release|Any CPU.ActiveCfg = Release|Any CPU
		{59EC810C-373E-4C29-B2F6-79560551FB46}.Release|Any CPU.Build.0 = Release|Any CPU
		{59EC810C-373E-4C29-B2F6-79560551FB46}.Release|x64.ActiveCfg = Release|Any CPU
		{59EC810C-373E-4C29-B2F6-79560551FB46}.Release|x64.Build.0 = Release|Any CPU
		{59EC810C-373E-4C29-B2F6-79560551FB46}.Release|x86.ActiveCfg = Release|Any CPU
		{59EC810C-373E-4C29-B2F6-79560551FB46}.Release|x86.Build.0 = Release|Any CPU
		{725861CE-BA1E-45E9-9620-4437BD81BC6C}.Debug|Any CPU.ActiveCfg = Debug|Any CPU
		{725861CE-BA1E-45E9-9620-4437BD81BC6C}.Debug|Any CPU.Build.0 = Debug|Any CPU
		{725861CE-BA1E-45E9-9620-4437BD81BC6C}.Debug|x64.ActiveCfg = Debug|Any CPU
		{725861CE-BA1E-45E9-9620-4437BD81BC6C}.Debug|x64.Build.0 = Debug|Any CPU
		{725861CE-BA1E-45E9-9620-4437BD81BC6C}.Debug|x86.ActiveCfg = Debug|Any CPU
		{725861CE-BA1E-45E9-9620-4437BD81BC6C}.Debug|x86.Build.0 = Debug|Any CPU
		{725861CE-BA1E-45E9-9620-4437BD81BC6C}.Release|Any CPU.ActiveCfg = Release|Any CPU
		{725861CE-BA1E-45E9-9620-4437BD81BC6C}.Release|Any CPU.Build.0 = Release|Any CPU
		{725861CE-BA1E-45E9-9620-4437BD81BC6C}.Release|x64.ActiveCfg = Release|Any CPU
		{725861CE-BA1E-45E9-9620-4437BD81BC6C}.Release|x64.Build.0 = Release|Any CPU
		{725861CE-BA1E-45E9-9620-4437BD81BC6C}.Release|x86.ActiveCfg = Release|Any CPU
		{725861CE-BA1E-45E9-9620-4437BD81BC6C}.Release|x86.Build.0 = Release|Any CPU
		{F15B742E-5796-41F2-8DED-1CD690CF7F89}.Debug|Any CPU.ActiveCfg = Debug|Any CPU
		{F15B742E-5796-41F2-8DED-1CD690CF7F89}.Debug|Any CPU.Build.0 = Debug|Any CPU
		{F15B742E-5796-41F2-8DED-1CD690CF7F89}.Debug|x64.ActiveCfg = Debug|Any CPU
		{F15B742E-5796-41F2-8DED-1CD690CF7F89}.Debug|x64.Build.0 = Debug|Any CPU
		{F15B742E-5796-41F2-8DED-1CD690CF7F89}.Debug|x86.ActiveCfg = Debug|Any CPU
		{F15B742E-5796-41F2-8DED-1CD690CF7F89}.Debug|x86.Build.0 = Debug|Any CPU
		{F15B742E-5796-41F2-8DED-1CD690CF7F89}.Release|Any CPU.ActiveCfg = Release|Any CPU
		{F15B742E-5796-41F2-8DED-1CD690CF7F89}.Release|Any CPU.Build.0 = Release|Any CPU
		{F15B742E-5796-41F2-8DED-1CD690CF7F89}.Release|x64.ActiveCfg = Release|Any CPU
		{F15B742E-5796-41F2-8DED-1CD690CF7F89}.Release|x64.Build.0 = Release|Any CPU
		{F15B742E-5796-41F2-8DED-1CD690CF7F89}.Release|x86.ActiveCfg = Release|Any CPU
		{F15B742E-5796-41F2-8DED-1CD690CF7F89}.Release|x86.Build.0 = Release|Any CPU
		{48B2851E-4544-4B21-8ECF-D9BAD83BABD9}.Debug|Any CPU.ActiveCfg = Debug|Any CPU
		{48B2851E-4544-4B21-8ECF-D9BAD83BABD9}.Debug|Any CPU.Build.0 = Debug|Any CPU
		{48B2851E-4544-4B21-8ECF-D9BAD83BABD9}.Debug|x64.ActiveCfg = Debug|Any CPU
		{48B2851E-4544-4B21-8ECF-D9BAD83BABD9}.Debug|x64.Build.0 = Debug|Any CPU
		{48B2851E-4544-4B21-8ECF-D9BAD83BABD9}.Debug|x86.ActiveCfg = Debug|Any CPU
		{48B2851E-4544-4B21-8ECF-D9BAD83BABD9}.Debug|x86.Build.0 = Debug|Any CPU
		{48B2851E-4544-4B21-8ECF-D9BAD83BABD9}.Release|Any CPU.ActiveCfg = Release|Any CPU
		{48B2851E-4544-4B21-8ECF-D9BAD83BABD9}.Release|Any CPU.Build.0 = Release|Any CPU
		{48B2851E-4544-4B21-8ECF-D9BAD83BABD9}.Release|x64.ActiveCfg = Release|Any CPU
		{48B2851E-4544-4B21-8ECF-D9BAD83BABD9}.Release|x64.Build.0 = Release|Any CPU
		{48B2851E-4544-4B21-8ECF-D9BAD83BABD9}.Release|x86.ActiveCfg = Release|Any CPU
		{48B2851E-4544-4B21-8ECF-D9BAD83BABD9}.Release|x86.Build.0 = Release|Any CPU
		{14C93BCF-EDA6-462D-853D-73C28793D789}.Debug|Any CPU.ActiveCfg = Debug|Any CPU
		{14C93BCF-EDA6-462D-853D-73C28793D789}.Debug|Any CPU.Build.0 = Debug|Any CPU
		{14C93BCF-EDA6-462D-853D-73C28793D789}.Debug|x64.ActiveCfg = Debug|Any CPU
		{14C93BCF-EDA6-462D-853D-73C28793D789}.Debug|x64.Build.0 = Debug|Any CPU
		{14C93BCF-EDA6-462D-853D-73C28793D789}.Debug|x86.ActiveCfg = Debug|Any CPU
		{14C93BCF-EDA6-462D-853D-73C28793D789}.Debug|x86.Build.0 = Debug|Any CPU
		{14C93BCF-EDA6-462D-853D-73C28793D789}.Release|Any CPU.ActiveCfg = Release|Any CPU
		{14C93BCF-EDA6-462D-853D-73C28793D789}.Release|Any CPU.Build.0 = Release|Any CPU
		{14C93BCF-EDA6-462D-853D-73C28793D789}.Release|x64.ActiveCfg = Release|Any CPU
		{14C93BCF-EDA6-462D-853D-73C28793D789}.Release|x64.Build.0 = Release|Any CPU
		{14C93BCF-EDA6-462D-853D-73C28793D789}.Release|x86.ActiveCfg = Release|Any CPU
		{14C93BCF-EDA6-462D-853D-73C28793D789}.Release|x86.Build.0 = Release|Any CPU
	EndGlobalSection
	GlobalSection(NestedProjects) = preSolution
		{52C69245-7D60-40E2-BB8A-DD9996D401B2} = {BF64DF0A-5022-4971-A6F7-62F5E0111BFC}
		{F7B56959-C387-4786-ABFD-20E2E4DAA8C5} = {BF64DF0A-5022-4971-A6F7-62F5E0111BFC}
		{93118A83-4936-4179-9E82-44B07C5AD59E} = {BF64DF0A-5022-4971-A6F7-62F5E0111BFC}
		{B48FBC26-2161-4EA9-B666-5A3DD737CF4C} = {BF64DF0A-5022-4971-A6F7-62F5E0111BFC}
		{F15B742E-5796-41F2-8DED-1CD690CF7F89} = {9AED56EB-F47F-46A7-813B-9404A26087DA}
		{725861CE-BA1E-45E9-9620-4437BD81BC6C} = {9AED56EB-F47F-46A7-813B-9404A26087DA}
		{59EC810C-373E-4C29-B2F6-79560551FB46} = {9AED56EB-F47F-46A7-813B-9404A26087DA}
		{48B2851E-4544-4B21-8ECF-D9BAD83BABD9} = {BF64DF0A-5022-4971-A6F7-62F5E0111BFC}
		{14C93BCF-EDA6-462D-853D-73C28793D789} = {BF64DF0A-5022-4971-A6F7-62F5E0111BFC}
	EndGlobalSection
EndGlobal
